
Microsoft Visual Studio Solution File, Format Version 12.00
# Visual Studio Version 16
VisualStudioVersion = 16.0.30517.126
MinimumVisualStudioVersion = 10.0.40219.1
Project("{FAE04EC0-301F-11D3-BF4B-00C04F79EFBC}") = "PhanHe01", "PhanHe01\PhanHe01.csproj", "{7FB1FA3C-D468-4C69-A2A1-E568F7FCA153}"
EndProject
Project("{9A19103F-16F7-4668-BE54-9A1E7A4F7556}") = "BUS", "BUS\BUS.csproj", "{7E986CC7-BA11-46E0-B98B-D26F4F10B7E4}"
EndProject
Project("{9A19103F-16F7-4668-BE54-9A1E7A4F7556}") = "DAO", "DAO\DAO.csproj", "{CD6A06D6-5B2F-4672-8C68-675C16F12700}"
EndProject
Project("{9A19103F-16F7-4668-BE54-9A1E7A4F7556}") = "DTO", "DTO\DTO.csproj", "{BCD93BBE-DAFC-421F-992B-5A40852EB7CD}"
EndProject
Global
	GlobalSection(SolutionConfigurationPlatforms) = preSolution
		Debug|Any CPU = Debug|Any CPU
		Debug|x64 = Debug|x64
		Release|Any CPU = Release|Any CPU
		Release|x64 = Release|x64
	EndGlobalSection
	GlobalSection(ProjectConfigurationPlatforms) = postSolution
		{7FB1FA3C-D468-4C69-A2A1-E568F7FCA153}.Debug|Any CPU.ActiveCfg = Debug|Any CPU
		{7FB1FA3C-D468-4C69-A2A1-E568F7FCA153}.Debug|Any CPU.Build.0 = Debug|Any CPU
		{7FB1FA3C-D468-4C69-A2A1-E568F7FCA153}.Debug|x64.ActiveCfg = Debug|x64
		{7FB1FA3C-D468-4C69-A2A1-E568F7FCA153}.Debug|x64.Build.0 = Debug|x64
		{7FB1FA3C-D468-4C69-A2A1-E568F7FCA153}.Release|Any CPU.ActiveCfg = Release|Any CPU
		{7FB1FA3C-D468-4C69-A2A1-E568F7FCA153}.Release|Any CPU.Build.0 = Release|Any CPU
		{7FB1FA3C-D468-4C69-A2A1-E568F7FCA153}.Release|x64.ActiveCfg = Release|x64
		{7FB1FA3C-D468-4C69-A2A1-E568F7FCA153}.Release|x64.Build.0 = Release|x64
		{7E986CC7-BA11-46E0-B98B-D26F4F10B7E4}.Debug|Any CPU.ActiveCfg = Debug|Any CPU
		{7E986CC7-BA11-46E0-B98B-D26F4F10B7E4}.Debug|Any CPU.Build.0 = Debug|Any CPU
		{7E986CC7-BA11-46E0-B98B-D26F4F10B7E4}.Debug|x64.ActiveCfg = Debug|x64
		{7E986CC7-BA11-46E0-B98B-D26F4F10B7E4}.Debug|x64.Build.0 = Debug|x64
		{7E986CC7-BA11-46E0-B98B-D26F4F10B7E4}.Release|Any CPU.ActiveCfg = Release|Any CPU
		{7E986CC7-BA11-46E0-B98B-D26F4F10B7E4}.Release|Any CPU.Build.0 = Release|Any CPU
		{7E986CC7-BA11-46E0-B98B-D26F4F10B7E4}.Release|x64.ActiveCfg = Release|x64
		{7E986CC7-BA11-46E0-B98B-D26F4F10B7E4}.Release|x64.Build.0 = Release|x64
		{CD6A06D6-5B2F-4672-8C68-675C16F12700}.Debug|Any CPU.ActiveCfg = Debug|Any CPU
		{CD6A06D6-5B2F-4672-8C68-675C16F12700}.Debug|Any CPU.Build.0 = Debug|Any CPU
		{CD6A06D6-5B2F-4672-8C68-675C16F12700}.Debug|x64.ActiveCfg = Debug|x64
		{CD6A06D6-5B2F-4672-8C68-675C16F12700}.Debug|x64.Build.0 = Debug|x64
		{CD6A06D6-5B2F-4672-8C68-675C16F12700}.Release|Any CPU.ActiveCfg = Release|Any CPU
		{CD6A06D6-5B2F-4672-8C68-675C16F12700}.Release|Any CPU.Build.0 = Release|Any CPU
		{CD6A06D6-5B2F-4672-8C68-675C16F12700}.Release|x64.ActiveCfg = Release|x64
		{CD6A06D6-5B2F-4672-8C68-675C16F12700}.Release|x64.Build.0 = Release|x64
		{BCD93BBE-DAFC-421F-992B-5A40852EB7CD}.Debug|Any CPU.ActiveCfg = Debug|Any CPU
		{BCD93BBE-DAFC-421F-992B-5A40852EB7CD}.Debug|Any CPU.Build.0 = Debug|Any CPU
		{BCD93BBE-DAFC-421F-992B-5A40852EB7CD}.Debug|x64.ActiveCfg = Debug|x64
		{BCD93BBE-DAFC-421F-992B-5A40852EB7CD}.Debug|x64.Build.0 = Debug|x64
		{BCD93BBE-DAFC-421F-992B-5A40852EB7CD}.Release|Any CPU.ActiveCfg = Release|Any CPU
		{BCD93BBE-DAFC-421F-992B-5A40852EB7CD}.Release|Any CPU.Build.0 = Release|Any CPU
		{BCD93BBE-DAFC-421F-992B-5A40852EB7CD}.Release|x64.ActiveCfg = Release|x64
		{BCD93BBE-DAFC-421F-992B-5A40852EB7CD}.Release|x64.Build.0 = Release|x64
	EndGlobalSection
	GlobalSection(SolutionProperties) = preSolution
		HideSolutionNode = FALSE
	EndGlobalSection
	GlobalSection(ExtensibilityGlobals) = postSolution
		SolutionGuid = {36F59ACC-92AF-4D0E-96E3-6940C518A9F6}
	EndGlobalSection
EndGlobal
